{
  "version": 4,
  "terraform_version": "1.8.5",
  "serial": 1,
  "lineage": "cc6f89e6-1023-d3b9-8916-ff36b78df7e6",
  "outputs": {},
  "resources": [
    {
      "mode": "managed",
      "type": "random_id",
      "name": "bucket_suffix",
      "provider": "provider[\"registry.terraform.io/hashicorp/random\"]",
      "instances": [
        {
          "schema_version": 0,
          "attributes": {
            "b64_std": "dUV5Sg==",
            "b64_url": "dUV5Sg",
            "byte_length": 4,
            "dec": "1967487306",
            "hex": "7545794a",
            "id": "dUV5Sg",
            "keepers": null,
            "prefix": null
          },
          "sensitive_attributes": []
        }
      ]
    }
  ],
  "check_results": null
}
